
Microsoft Visual Studio Solution File, Format Version 12.00
# Visual Studio Version 16
VisualStudioVersion = 16.0.32126.315
MinimumVisualStudioVersion = 10.0.40219.1
Project("{8BC9CEB8-8B4A-11D0-8D11-00A0C91BC942}") = "Engine", "Engine\Engine.vcxproj", "{540D4356-6A92-48FD-ABF7-5570BE5950FC}"
EndProject
Project("{8BC9CEB8-8B4A-11D0-8D11-00A0C91BC942}") = "Utils", "Utils\Utils.vcxproj", "{1BF2E2A3-3FC1-4C88-8B5D-7481ED0F6D84}"
EndProject
Project("{8BC9CEB8-8B4A-11D0-8D11-00A0C91BC942}") = "Framework", "Framework\Framework.vcxproj", "{AE228272-5FAF-4F05-ACA7-F5970BFF75C0}"
EndProject
Project("{8BC9CEB8-8B4A-11D0-8D11-00A0C91BC942}") = "EECS", "EECS\EECS.vcxproj", "{2B9052AD-1C73-45FD-AE6D-F2D20020F6C6}"
EndProject
Project("{2150E333-8FDC-42A3-9474-1A3956D46DE8}") = "ThirdParty", "ThirdParty", "{619D89E3-3371-4AC5-B3F7-091C8FB49162}"
EndProject
Project("{8BC9CEB8-8B4A-11D0-8D11-00A0C91BC942}") = "Editor", "Editor\Editor.vcxproj", "{E6EF508F-6384-4941-9116-FCA5B7A93F38}"
EndProject
Project("{8BC9CEB8-8B4A-11D0-8D11-00A0C91BC942}") = "Game", "Game\Game.vcxproj", "{8D2D36F0-BA01-4E33-9FF5-7EB94816A0F7}"
EndProject
Project("{8BC9CEB8-8B4A-11D0-8D11-00A0C91BC942}") = "DirectXTK_Desktop_2017", "ThirdParty\DirectXTK\DirectXTK_Desktop_2017.vcxproj", "{E0B52AE7-E160-4D32-BF3F-910B785E5A8E}"
EndProject
Project("{8BC9CEB8-8B4A-11D0-8D11-00A0C91BC942}") = "ImGUI", "ThirdParty\ImGUI\ImGUI.vcxproj", "{FC2D8099-18A2-45EA-988D-1CCCABB4EFD3}"
EndProject
Project("{8BC9CEB8-8B4A-11D0-8D11-00A0C91BC942}") = "Assimp", "ThirdParty\Assimp\Assimp.vcxproj", "{68A46096-5253-4113-9F37-45858AEA6C53}"
EndProject
Project("{8BC9CEB8-8B4A-11D0-8D11-00A0C91BC942}") = "DirectXTKAudio_Desktop_2017_DXSDK", "ThirdParty\DirectXTK\Audio\DirectXTKAudio_Desktop_2017_DXSDK.vcxproj", "{4F150A30-CECB-49D1-8283-6A3F57438CF5}"
EndProject
Project("{8BC9CEB8-8B4A-11D0-8D11-00A0C91BC942}") = "Bullet3", "ThirdParty\Bullet3\Bullet3.vcxproj", "{9A3E12B2-51C2-459F-98AF-11117671E61D}"
EndProject
Global
	GlobalSection(SolutionConfigurationPlatforms) = preSolution
		Debug|Durango = Debug|Durango
		Debug|x64 = Debug|x64
		Debug|x86 = Debug|x86
		Profile|Durango = Profile|Durango
		Profile|x64 = Profile|x64
		Profile|x86 = Profile|x86
		Release|Durango = Release|Durango
		Release|x64 = Release|x64
		Release|x86 = Release|x86
	EndGlobalSection
	GlobalSection(ProjectConfigurationPlatforms) = postSolution
		{540D4356-6A92-48FD-ABF7-5570BE5950FC}.Debug|Durango.ActiveCfg = Debug|Win32
		{540D4356-6A92-48FD-ABF7-5570BE5950FC}.Debug|x64.ActiveCfg = Debug|x64
		{540D4356-6A92-48FD-ABF7-5570BE5950FC}.Debug|x64.Build.0 = Debug|x64
		{540D4356-6A92-48FD-ABF7-5570BE5950FC}.Debug|x86.ActiveCfg = Debug|Win32
		{540D4356-6A92-48FD-ABF7-5570BE5950FC}.Debug|x86.Build.0 = Debug|Win32
		{540D4356-6A92-48FD-ABF7-5570BE5950FC}.Profile|Durango.ActiveCfg = Release|Win32
		{540D4356-6A92-48FD-ABF7-5570BE5950FC}.Profile|Durango.Build.0 = Release|Win32
		{540D4356-6A92-48FD-ABF7-5570BE5950FC}.Profile|x64.ActiveCfg = Debug|x64
		{540D4356-6A92-48FD-ABF7-5570BE5950FC}.Profile|x64.Build.0 = Debug|x64
		{540D4356-6A92-48FD-ABF7-5570BE5950FC}.Profile|x86.ActiveCfg = Release|Win32
		{540D4356-6A92-48FD-ABF7-5570BE5950FC}.Profile|x86.Build.0 = Release|Win32
		{540D4356-6A92-48FD-ABF7-5570BE5950FC}.Release|Durango.ActiveCfg = Release|Win32
		{540D4356-6A92-48FD-ABF7-5570BE5950FC}.Release|x64.ActiveCfg = Release|x64
		{540D4356-6A92-48FD-ABF7-5570BE5950FC}.Release|x64.Build.0 = Release|x64
		{540D4356-6A92-48FD-ABF7-5570BE5950FC}.Release|x86.ActiveCfg = Release|Win32
		{540D4356-6A92-48FD-ABF7-5570BE5950FC}.Release|x86.Build.0 = Release|Win32
		{1BF2E2A3-3FC1-4C88-8B5D-7481ED0F6D84}.Debug|Durango.ActiveCfg = Debug|Win32
		{1BF2E2A3-3FC1-4C88-8B5D-7481ED0F6D84}.Debug|x64.ActiveCfg = Debug|x64
		{1BF2E2A3-3FC1-4C88-8B5D-7481ED0F6D84}.Debug|x64.Build.0 = Debug|x64
		{1BF2E2A3-3FC1-4C88-8B5D-7481ED0F6D84}.Debug|x86.ActiveCfg = Debug|Win32
		{1BF2E2A3-3FC1-4C88-8B5D-7481ED0F6D84}.Debug|x86.Build.0 = Debug|Win32
		{1BF2E2A3-3FC1-4C88-8B5D-7481ED0F6D84}.Profile|Durango.ActiveCfg = Release|Win32
		{1BF2E2A3-3FC1-4C88-8B5D-7481ED0F6D84}.Profile|Durango.Build.0 = Release|Win32
		{1BF2E2A3-3FC1-4C88-8B5D-7481ED0F6D84}.Profile|x64.ActiveCfg = Debug|x64
		{1BF2E2A3-3FC1-4C88-8B5D-7481ED0F6D84}.Profile|x64.Build.0 = Debug|x64
		{1BF2E2A3-3FC1-4C88-8B5D-7481ED0F6D84}.Profile|x86.ActiveCfg = Release|Win32
		{1BF2E2A3-3FC1-4C88-8B5D-7481ED0F6D84}.Profile|x86.Build.0 = Release|Win32
		{1BF2E2A3-3FC1-4C88-8B5D-7481ED0F6D84}.Release|Durango.ActiveCfg = Release|Win32
		{1BF2E2A3-3FC1-4C88-8B5D-7481ED0F6D84}.Release|x64.ActiveCfg = Release|x64
		{1BF2E2A3-3FC1-4C88-8B5D-7481ED0F6D84}.Release|x64.Build.0 = Release|x64
		{1BF2E2A3-3FC1-4C88-8B5D-7481ED0F6D84}.Release|x86.ActiveCfg = Release|Win32
		{1BF2E2A3-3FC1-4C88-8B5D-7481ED0F6D84}.Release|x86.Build.0 = Release|Win32
		{AE228272-5FAF-4F05-ACA7-F5970BFF75C0}.Debug|Durango.ActiveCfg = Debug|Win32
		{AE228272-5FAF-4F05-ACA7-F5970BFF75C0}.Debug|x64.ActiveCfg = Debug|x64
		{AE228272-5FAF-4F05-ACA7-F5970BFF75C0}.Debug|x64.Build.0 = Debug|x64
		{AE228272-5FAF-4F05-ACA7-F5970BFF75C0}.Debug|x86.ActiveCfg = Debug|Win32
		{AE228272-5FAF-4F05-ACA7-F5970BFF75C0}.Debug|x86.Build.0 = Debug|Win32
		{AE228272-5FAF-4F05-ACA7-F5970BFF75C0}.Profile|Durango.ActiveCfg = Release|Win32
		{AE228272-5FAF-4F05-ACA7-F5970BFF75C0}.Profile|Durango.Build.0 = Release|Win32
		{AE228272-5FAF-4F05-ACA7-F5970BFF75C0}.Profile|x64.ActiveCfg = Debug|x64
		{AE228272-5FAF-4F05-ACA7-F5970BFF75C0}.Profile|x64.Build.0 = Debug|x64
		{AE228272-5FAF-4F05-ACA7-F5970BFF75C0}.Profile|x86.ActiveCfg = Release|Win32
		{AE228272-5FAF-4F05-ACA7-F5970BFF75C0}.Profile|x86.Build.0 = Release|Win32
		{AE228272-5FAF-4F05-ACA7-F5970BFF75C0}.Release|Durango.ActiveCfg = Release|Win32
		{AE228272-5FAF-4F05-ACA7-F5970BFF75C0}.Release|x64.ActiveCfg = Release|x64
		{AE228272-5FAF-4F05-ACA7-F5970BFF75C0}.Release|x64.Build.0 = Release|x64
		{AE228272-5FAF-4F05-ACA7-F5970BFF75C0}.Release|x86.ActiveCfg = Release|Win32
		{AE228272-5FAF-4F05-ACA7-F5970BFF75C0}.Release|x86.Build.0 = Release|Win32
		{2B9052AD-1C73-45FD-AE6D-F2D20020F6C6}.Debug|Durango.ActiveCfg = Debug|Win32
		{2B9052AD-1C73-45FD-AE6D-F2D20020F6C6}.Debug|x64.ActiveCfg = Debug|x64
		{2B9052AD-1C73-45FD-AE6D-F2D20020F6C6}.Debug|x64.Build.0 = Debug|x64
		{2B9052AD-1C73-45FD-AE6D-F2D20020F6C6}.Debug|x86.ActiveCfg = Debug|Win32
		{2B9052AD-1C73-45FD-AE6D-F2D20020F6C6}.Debug|x86.Build.0 = Debug|Win32
		{2B9052AD-1C73-45FD-AE6D-F2D20020F6C6}.Profile|Durango.ActiveCfg = Release|Win32
		{2B9052AD-1C73-45FD-AE6D-F2D20020F6C6}.Profile|Durango.Build.0 = Release|Win32
		{2B9052AD-1C73-45FD-AE6D-F2D20020F6C6}.Profile|x64.ActiveCfg = Debug|x64
		{2B9052AD-1C73-45FD-AE6D-F2D20020F6C6}.Profile|x64.Build.0 = Debug|x64
		{2B9052AD-1C73-45FD-AE6D-F2D20020F6C6}.Profile|x86.ActiveCfg = Release|Win32
		{2B9052AD-1C73-45FD-AE6D-F2D20020F6C6}.Profile|x86.Build.0 = Release|Win32
		{2B9052AD-1C73-45FD-AE6D-F2D20020F6C6}.Release|Durango.ActiveCfg = Release|Win32
		{2B9052AD-1C73-45FD-AE6D-F2D20020F6C6}.Release|x64.ActiveCfg = Release|x64
		{2B9052AD-1C73-45FD-AE6D-F2D20020F6C6}.Release|x64.Build.0 = Release|x64
		{2B9052AD-1C73-45FD-AE6D-F2D20020F6C6}.Release|x86.ActiveCfg = Release|Win32
		{2B9052AD-1C73-45FD-AE6D-F2D20020F6C6}.Release|x86.Build.0 = Release|Win32
		{E6EF508F-6384-4941-9116-FCA5B7A93F38}.Debug|Durango.ActiveCfg = Debug|Win32
		{E6EF508F-6384-4941-9116-FCA5B7A93F38}.Debug|x64.ActiveCfg = Debug|x64
		{E6EF508F-6384-4941-9116-FCA5B7A93F38}.Debug|x64.Build.0 = Debug|x64
		{E6EF508F-6384-4941-9116-FCA5B7A93F38}.Debug|x86.ActiveCfg = Debug|Win32
		{E6EF508F-6384-4941-9116-FCA5B7A93F38}.Debug|x86.Build.0 = Debug|Win32
		{E6EF508F-6384-4941-9116-FCA5B7A93F38}.Profile|Durango.ActiveCfg = Release|x64
		{E6EF508F-6384-4941-9116-FCA5B7A93F38}.Profile|Durango.Build.0 = Release|x64
		{E6EF508F-6384-4941-9116-FCA5B7A93F38}.Profile|x64.ActiveCfg = Debug|x64
		{E6EF508F-6384-4941-9116-FCA5B7A93F38}.Profile|x64.Build.0 = Debug|x64
		{E6EF508F-6384-4941-9116-FCA5B7A93F38}.Profile|x86.ActiveCfg = Release|Win32
		{E6EF508F-6384-4941-9116-FCA5B7A93F38}.Profile|x86.Build.0 = Release|Win32
		{E6EF508F-6384-4941-9116-FCA5B7A93F38}.Release|Durango.ActiveCfg = Release|Win32
		{E6EF508F-6384-4941-9116-FCA5B7A93F38}.Release|x64.ActiveCfg = Release|x64
		{E6EF508F-6384-4941-9116-FCA5B7A93F38}.Release|x64.Build.0 = Release|x64
		{E6EF508F-6384-4941-9116-FCA5B7A93F38}.Release|x86.ActiveCfg = Release|Win32
		{E6EF508F-6384-4941-9116-FCA5B7A93F38}.Release|x86.Build.0 = Release|Win32
		{8D2D36F0-BA01-4E33-9FF5-7EB94816A0F7}.Debug|Durango.ActiveCfg = Debug|Win32
		{8D2D36F0-BA01-4E33-9FF5-7EB94816A0F7}.Debug|x64.ActiveCfg = Debug|x64
		{8D2D36F0-BA01-4E33-9FF5-7EB94816A0F7}.Debug|x64.Build.0 = Debug|x64
		{8D2D36F0-BA01-4E33-9FF5-7EB94816A0F7}.Debug|x86.ActiveCfg = Debug|Win32
		{8D2D36F0-BA01-4E33-9FF5-7EB94816A0F7}.Debug|x86.Build.0 = Debug|Win32
		{8D2D36F0-BA01-4E33-9FF5-7EB94816A0F7}.Profile|Durango.ActiveCfg = Release|x64
		{8D2D36F0-BA01-4E33-9FF5-7EB94816A0F7}.Profile|Durango.Build.0 = Release|x64
		{8D2D36F0-BA01-4E33-9FF5-7EB94816A0F7}.Profile|x64.ActiveCfg = Debug|x64
		{8D2D36F0-BA01-4E33-9FF5-7EB94816A0F7}.Profile|x64.Build.0 = Debug|x64
		{8D2D36F0-BA01-4E33-9FF5-7EB94816A0F7}.Profile|x86.ActiveCfg = Release|Win32
		{8D2D36F0-BA01-4E33-9FF5-7EB94816A0F7}.Profile|x86.Build.0 = Release|Win32
		{8D2D36F0-BA01-4E33-9FF5-7EB94816A0F7}.Release|Durango.ActiveCfg = Release|Win32
		{8D2D36F0-BA01-4E33-9FF5-7EB94816A0F7}.Release|x64.ActiveCfg = Release|x64
		{8D2D36F0-BA01-4E33-9FF5-7EB94816A0F7}.Release|x64.Build.0 = Release|x64
		{8D2D36F0-BA01-4E33-9FF5-7EB94816A0F7}.Release|x86.ActiveCfg = Release|Win32
		{8D2D36F0-BA01-4E33-9FF5-7EB94816A0F7}.Release|x86.Build.0 = Release|Win32
		{E0B52AE7-E160-4D32-BF3F-910B785E5A8E}.Debug|Durango.ActiveCfg = Debug|Win32
		{E0B52AE7-E160-4D32-BF3F-910B785E5A8E}.Debug|x64.ActiveCfg = Debug|x64
		{E0B52AE7-E160-4D32-BF3F-910B785E5A8E}.Debug|x64.Build.0 = Debug|x64
		{E0B52AE7-E160-4D32-BF3F-910B785E5A8E}.Debug|x86.ActiveCfg = Debug|Win32
		{E0B52AE7-E160-4D32-BF3F-910B785E5A8E}.Debug|x86.Build.0 = Debug|Win32
		{E0B52AE7-E160-4D32-BF3F-910B785E5A8E}.Profile|Durango.ActiveCfg = Release|x64
		{E0B52AE7-E160-4D32-BF3F-910B785E5A8E}.Profile|Durango.Build.0 = Release|x64
		{E0B52AE7-E160-4D32-BF3F-910B785E5A8E}.Profile|x64.ActiveCfg = Debug|x64
		{E0B52AE7-E160-4D32-BF3F-910B785E5A8E}.Profile|x64.Build.0 = Debug|x64
		{E0B52AE7-E160-4D32-BF3F-910B785E5A8E}.Profile|x86.ActiveCfg = Release|Win32
		{E0B52AE7-E160-4D32-BF3F-910B785E5A8E}.Profile|x86.Build.0 = Release|Win32
		{E0B52AE7-E160-4D32-BF3F-910B785E5A8E}.Release|Durango.ActiveCfg = Release|Win32
		{E0B52AE7-E160-4D32-BF3F-910B785E5A8E}.Release|x64.ActiveCfg = Release|x64
		{E0B52AE7-E160-4D32-BF3F-910B785E5A8E}.Release|x86.ActiveCfg = Release|Win32
		{E0B52AE7-E160-4D32-BF3F-910B785E5A8E}.Release|x86.Build.0 = Release|Win32
		{FC2D8099-18A2-45EA-988D-1CCCABB4EFD3}.Debug|Durango.ActiveCfg = Debug|Win32
		{FC2D8099-18A2-45EA-988D-1CCCABB4EFD3}.Debug|x64.ActiveCfg = Debug|x64
		{FC2D8099-18A2-45EA-988D-1CCCABB4EFD3}.Debug|x64.Build.0 = Debug|x64
		{FC2D8099-18A2-45EA-988D-1CCCABB4EFD3}.Debug|x86.ActiveCfg = Debug|Win32
		{FC2D8099-18A2-45EA-988D-1CCCABB4EFD3}.Debug|x86.Build.0 = Debug|Win32
		{FC2D8099-18A2-45EA-988D-1CCCABB4EFD3}.Profile|Durango.ActiveCfg = Release|x64
		{FC2D8099-18A2-45EA-988D-1CCCABB4EFD3}.Profile|Durango.Build.0 = Release|x64
		{FC2D8099-18A2-45EA-988D-1CCCABB4EFD3}.Profile|x64.ActiveCfg = Debug|x64
		{FC2D8099-18A2-45EA-988D-1CCCABB4EFD3}.Profile|x64.Build.0 = Debug|x64
		{FC2D8099-18A2-45EA-988D-1CCCABB4EFD3}.Profile|x86.ActiveCfg = Release|Win32
		{FC2D8099-18A2-45EA-988D-1CCCABB4EFD3}.Profile|x86.Build.0 = Release|Win32
		{FC2D8099-18A2-45EA-988D-1CCCABB4EFD3}.Release|Durango.ActiveCfg = Release|Win32
		{FC2D8099-18A2-45EA-988D-1CCCABB4EFD3}.Release|x64.ActiveCfg = Release|x64
		{FC2D8099-18A2-45EA-988D-1CCCABB4EFD3}.Release|x86.ActiveCfg = Release|Win32
		{FC2D8099-18A2-45EA-988D-1CCCABB4EFD3}.Release|x86.Build.0 = Release|Win32
		{68A46096-5253-4113-9F37-45858AEA6C53}.Debug|Durango.ActiveCfg = Debug|Win32
		{68A46096-5253-4113-9F37-45858AEA6C53}.Debug|x64.ActiveCfg = Debug|x64
		{68A46096-5253-4113-9F37-45858AEA6C53}.Debug|x64.Build.0 = Debug|x64
		{68A46096-5253-4113-9F37-45858AEA6C53}.Debug|x86.ActiveCfg = Debug|Win32
		{68A46096-5253-4113-9F37-45858AEA6C53}.Debug|x86.Build.0 = Debug|Win32
		{68A46096-5253-4113-9F37-45858AEA6C53}.Profile|Durango.ActiveCfg = Release|x64
		{68A46096-5253-4113-9F37-45858AEA6C53}.Profile|Durango.Build.0 = Release|x64
		{68A46096-5253-4113-9F37-45858AEA6C53}.Profile|x64.ActiveCfg = Debug|x64
		{68A46096-5253-4113-9F37-45858AEA6C53}.Profile|x64.Build.0 = Debug|x64
		{68A46096-5253-4113-9F37-45858AEA6C53}.Profile|x86.ActiveCfg = Release|Win32
		{68A46096-5253-4113-9F37-45858AEA6C53}.Profile|x86.Build.0 = Release|Win32
		{68A46096-5253-4113-9F37-45858AEA6C53}.Release|Durango.ActiveCfg = Release|Win32
		{68A46096-5253-4113-9F37-45858AEA6C53}.Release|x64.ActiveCfg = Release|x64
		{68A46096-5253-4113-9F37-45858AEA6C53}.Release|x86.ActiveCfg = Release|Win32
		{68A46096-5253-4113-9F37-45858AEA6C53}.Release|x86.Build.0 = Release|Win32
		{4F150A30-CECB-49D1-8283-6A3F57438CF5}.Debug|Durango.ActiveCfg = Debug|Win32
		{4F150A30-CECB-49D1-8283-6A3F57438CF5}.Debug|x64.ActiveCfg = Debug|x64
		{4F150A30-CECB-49D1-8283-6A3F57438CF5}.Debug|x64.Build.0 = Debug|x64
		{4F150A30-CECB-49D1-8283-6A3F57438CF5}.Debug|x86.ActiveCfg = Debug|Win32
		{4F150A30-CECB-49D1-8283-6A3F57438CF5}.Debug|x86.Build.0 = Debug|Win32
		{4F150A30-CECB-49D1-8283-6A3F57438CF5}.Profile|Durango.ActiveCfg = Release|x64
		{4F150A30-CECB-49D1-8283-6A3F57438CF5}.Profile|Durango.Build.0 = Release|x64
		{4F150A30-CECB-49D1-8283-6A3F57438CF5}.Profile|x64.ActiveCfg = Debug|x64
		{4F150A30-CECB-49D1-8283-6A3F57438CF5}.Profile|x64.Build.0 = Debug|x64
		{4F150A30-CECB-49D1-8283-6A3F57438CF5}.Profile|x86.ActiveCfg = Release|Win32
		{4F150A30-CECB-49D1-8283-6A3F57438CF5}.Profile|x86.Build.0 = Release|Win32
		{4F150A30-CECB-49D1-8283-6A3F57438CF5}.Release|Durango.ActiveCfg = Release|Win32
		{4F150A30-CECB-49D1-8283-6A3F57438CF5}.Release|x64.ActiveCfg = Release|x64
		{4F150A30-CECB-49D1-8283-6A3F57438CF5}.Release|x86.ActiveCfg = Release|Win32
		{4F150A30-CECB-49D1-8283-6A3F57438CF5}.Release|x86.Build.0 = Release|Win32
		{9A3E12B2-51C2-459F-98AF-11117671E61D}.Debug|Durango.ActiveCfg = Debug|Win32
		{9A3E12B2-51C2-459F-98AF-11117671E61D}.Debug|x64.ActiveCfg = Debug|x64
		{9A3E12B2-51C2-459F-98AF-11117671E61D}.Debug|x64.Build.0 = Debug|x64
		{9A3E12B2-51C2-459F-98AF-11117671E61D}.Debug|x86.ActiveCfg = Debug|Win32
		{9A3E12B2-51C2-459F-98AF-11117671E61D}.Debug|x86.Build.0 = Debug|Win32
		{9A3E12B2-51C2-459F-98AF-11117671E61D}.Profile|Durango.ActiveCfg = Debug|Win32
		{9A3E12B2-51C2-459F-98AF-11117671E61D}.Profile|Durango.Build.0 = Debug|Win32
		{9A3E12B2-51C2-459F-98AF-11117671E61D}.Profile|x64.ActiveCfg = Debug|x64
		{9A3E12B2-51C2-459F-98AF-11117671E61D}.Profile|x64.Build.0 = Debug|x64
		{9A3E12B2-51C2-459F-98AF-11117671E61D}.Profile|x86.ActiveCfg = Debug|Win32
		{9A3E12B2-51C2-459F-98AF-11117671E61D}.Profile|x86.Build.0 = Debug|Win32
		{9A3E12B2-51C2-459F-98AF-11117671E61D}.Release|Durango.ActiveCfg = Release|Win32
		{9A3E12B2-51C2-459F-98AF-11117671E61D}.Release|x64.ActiveCfg = Release|x64
		{9A3E12B2-51C2-459F-98AF-11117671E61D}.Release|x64.Build.0 = Release|x64
		{9A3E12B2-51C2-459F-98AF-11117671E61D}.Release|x86.ActiveCfg = Release|Win32
		{9A3E12B2-51C2-459F-98AF-11117671E61D}.Release|x86.Build.0 = Release|Win32
	EndGlobalSection
	GlobalSection(SolutionProperties) = preSolution
		HideSolutionNode = FALSE
	EndGlobalSection
	GlobalSection(NestedProjects) = preSolution
		{E0B52AE7-E160-4D32-BF3F-910B785E5A8E} = {619D89E3-3371-4AC5-B3F7-091C8FB49162}
		{FC2D8099-18A2-45EA-988D-1CCCABB4EFD3} = {619D89E3-3371-4AC5-B3F7-091C8FB49162}
		{68A46096-5253-4113-9F37-45858AEA6C53} = {619D89E3-3371-4AC5-B3F7-091C8FB49162}
		{4F150A30-CECB-49D1-8283-6A3F57438CF5} = {619D89E3-3371-4AC5-B3F7-091C8FB49162}
		{9A3E12B2-51C2-459F-98AF-11117671E61D} = {619D89E3-3371-4AC5-B3F7-091C8FB49162}
	EndGlobalSection
	GlobalSection(ExtensibilityGlobals) = postSolution
		SolutionGuid = {7BAE67F9-F5AF-4E3E-A08E-0B05AFC10B3A}
	EndGlobalSection
EndGlobal
