<?xml version="1.0" encoding="utf-8"?>
<Project ToolsVersion="4.0" xmlns="http://schemas.microsoft.com/developer/msbuild/2003">
  <ItemGroup>
    <Filter Include="Source">
      <UniqueIdentifier>{e3ecfab7-476c-4f31-b5e8-3ae3432696c0}</UniqueIdentifier>
    </Filter>
    <Filter Include="Include">
      <UniqueIdentifier>{d7b51302-198e-493a-be25-aed9458e2650}</UniqueIdentifier>
    </Filter>
  </ItemGroup>
  <ItemGroup>
    <ClCompile Include="Source\Core.cpp">
      <Filter>Source</Filter>
    </ClCompile>
    <ClCompile Include="Source\Program.cpp">
      <Filter>Source</Filter>
    </ClCompile>
    <ClCompile Include="Source\SystemManagementSystem.cpp">
      <Filter>Source</Filter>
    </ClCompile>
    <ClCompile Include="Source\MainViewSystem.cpp">
      <Filter>Source</Filter>
    </ClCompile>
    <ClCompile Include="Source\EntityManagementSystem.cpp">
      <Filter>Source</Filter>
    </ClCompile>
  </ItemGroup>
  <ItemGroup>
    <ClInclude Include="Include\Core.h">
      <Filter>Include</Filter>
    </ClInclude>
    <ClInclude Include="Include\SystemManagementSystem.h">
      <Filter>Include</Filter>
    </ClInclude>
    <ClInclude Include="Include\EditorEvent.h">
      <Filter>Include</Filter>
    </ClInclude>
    <ClInclude Include="Include\MainViewSystem.h">
      <Filter>Include</Filter>
    </ClInclude>
    <ClInclude Include="Include\EntityManagementSystem.h">
      <Filter>Include</Filter>
    </ClInclude>
  </ItemGroup>
</Project>